// !$*UTF8*$!
{
	archiveVersion = 1;
	classes = {
	};
	objectVersion = 48;
	objects = {

/* Begin PBXBuildFile section */
		1754EFB120E5C200001DF6BE /* ViewController.swift in Sources */ = {isa = PBXBuildFile; fileRef = 1754EFB020E5C200001DF6BE /* ViewController.swift */; };
		1754EFB320E5C208001DF6BE /* Main.storyboard in Resources */ = {isa = PBXBuildFile; fileRef = 1754EFB220E5C208001DF6BE /* Main.storyboard */; };
		175DA52A2073463B009A2E48 /* AppDelegate.swift in Sources */ = {isa = PBXBuildFile; fileRef = 175DA5292073463B009A2E48 /* AppDelegate.swift */; };
		175DA5312073463B009A2E48 /* Assets.xcassets in Resources */ = {isa = PBXBuildFile; fileRef = 175DA5302073463B009A2E48 /* Assets.xcassets */; };
		175DA53F2073463B009A2E48 /* TestTests.swift in Sources */ = {isa = PBXBuildFile; fileRef = 175DA53E2073463B009A2E48 /* TestTests.swift */; };
		175DA54A2073463C009A2E48 /* TestUITests.swift in Sources */ = {isa = PBXBuildFile; fileRef = 175DA5492073463C009A2E48 /* TestUITests.swift */; };
		17FEC95B2108193500DE7ACA /* UIColor+hexcolor.swift in Sources */ = {isa = PBXBuildFile; fileRef = 17FEC95A2108193500DE7ACA /* UIColor+hexcolor.swift */; };
		24874272275F74BCD4559456 /* Pods_TestTests.framework in Frameworks */ = {isa = PBXBuildFile; fileRef = A321688BB8F9C80897835D8E /* Pods_TestTests.framework */; };
		2781810567C0DF37682E2D69 /* Pods_Test.framework in Frameworks */ = {isa = PBXBuildFile; fileRef = D6D38EC78A36403FD4C736C3 /* Pods_Test.framework */; };
		DB55322E91F9FEADB755B883 /* Pods_TestUITests.framework in Frameworks */ = {isa = PBXBuildFile; fileRef = 8E1AFFE668DCB2EE83ED2559 /* Pods_TestUITests.framework */; };
/* End PBXBuildFile section */

/* Begin PBXContainerItemProxy section */
		175DA53B2073463B009A2E48 /* PBXContainerItemProxy */ = {
			isa = PBXContainerItemProxy;
			containerPortal = 175DA51E2073463B009A2E48 /* Project object */;
			proxyType = 1;
			remoteGlobalIDString = 175DA5252073463B009A2E48;
			remoteInfo = Test;
		};
		175DA5462073463C009A2E48 /* PBXContainerItemProxy */ = {
			isa = PBXContainerItemProxy;
			containerPortal = 175DA51E2073463B009A2E48 /* Project object */;
			proxyType = 1;
			remoteGlobalIDString = 175DA5252073463B009A2E48;
			remoteInfo = Test;
		};
/* End PBXContainerItemProxy section */

/* Begin PBXFileReference section */
		1754EFB020E5C200001DF6BE /* ViewController.swift */ = {isa = PBXFileReference; lastKnownFileType = sourcecode.swift; path = ViewController.swift; sourceTree = "<group>"; };
		1754EFB220E5C208001DF6BE /* Main.storyboard */ = {isa = PBXFileReference; lastKnownFileType = file.storyboard; path = Main.storyboard; sourceTree = "<group>"; };
		175DA5262073463B009A2E48 /* Test.app */ = {isa = PBXFileReference; explicitFileType = wrapper.application; includeInIndex = 0; path = Test.app; sourceTree = BUILT_PRODUCTS_DIR; };
		175DA5292073463B009A2E48 /* AppDelegate.swift */ = {isa = PBXFileReference; lastKnownFileType = sourcecode.swift; path = AppDelegate.swift; sourceTree = "<group>"; };
		175DA5302073463B009A2E48 /* Assets.xcassets */ = {isa = PBXFileReference; lastKnownFileType = folder.assetcatalog; path = Assets.xcassets; sourceTree = "<group>"; };
		175DA5352073463B009A2E48 /* Info.plist */ = {isa = PBXFileReference; lastKnownFileType = text.plist.xml; path = Info.plist; sourceTree = "<group>"; };
		175DA53A2073463B009A2E48 /* TestTests.xctest */ = {isa = PBXFileReference; explicitFileType = wrapper.cfbundle; includeInIndex = 0; path = TestTests.xctest; sourceTree = BUILT_PRODUCTS_DIR; };
		175DA53E2073463B009A2E48 /* TestTests.swift */ = {isa = PBXFileReference; lastKnownFileType = sourcecode.swift; path = TestTests.swift; sourceTree = "<group>"; };
		175DA5402073463C009A2E48 /* Info.plist */ = {isa = PBXFileReference; lastKnownFileType = text.plist.xml; path = Info.plist; sourceTree = "<group>"; };
		175DA5452073463C009A2E48 /* TestUITests.xctest */ = {isa = PBXFileReference; explicitFileType = wrapper.cfbundle; includeInIndex = 0; path = TestUITests.xctest; sourceTree = BUILT_PRODUCTS_DIR; };
		175DA5492073463C009A2E48 /* TestUITests.swift */ = {isa = PBXFileReference; lastKnownFileType = sourcecode.swift; path = TestUITests.swift; sourceTree = "<group>"; };
		175DA54B2073463C009A2E48 /* Info.plist */ = {isa = PBXFileReference; lastKnownFileType = text.plist.xml; path = Info.plist; sourceTree = "<group>"; };
		17FEC95A2108193500DE7ACA /* UIColor+hexcolor.swift */ = {isa = PBXFileReference; lastKnownFileType = sourcecode.swift; path = "UIColor+hexcolor.swift"; sourceTree = "<group>"; };
		1FFB6FA0F9324F5701D79A2B /* Pods-TestUITests.debug.xcconfig */ = {isa = PBXFileReference; includeInIndex = 1; lastKnownFileType = text.xcconfig; name = "Pods-TestUITests.debug.xcconfig"; path = "Pods/Target Support Files/Pods-TestUITests/Pods-TestUITests.debug.xcconfig"; sourceTree = "<group>"; };
		6D82EEC1F876CF1079D050D9 /* Pods-TestUITests.release.xcconfig */ = {isa = PBXFileReference; includeInIndex = 1; lastKnownFileType = text.xcconfig; name = "Pods-TestUITests.release.xcconfig"; path = "Pods/Target Support Files/Pods-TestUITests/Pods-TestUITests.release.xcconfig"; sourceTree = "<group>"; };
		8AEEB3A0E6AD64D6FAB7526E /* Pods-Test.release.xcconfig */ = {isa = PBXFileReference; includeInIndex = 1; lastKnownFileType = text.xcconfig; name = "Pods-Test.release.xcconfig"; path = "Pods/Target Support Files/Pods-Test/Pods-Test.release.xcconfig"; sourceTree = "<group>"; };
		8E1AFFE668DCB2EE83ED2559 /* Pods_TestUITests.framework */ = {isa = PBXFileReference; explicitFileType = wrapper.framework; includeInIndex = 0; path = Pods_TestUITests.framework; sourceTree = BUILT_PRODUCTS_DIR; };
		A321688BB8F9C80897835D8E /* Pods_TestTests.framework */ = {isa = PBXFileReference; explicitFileType = wrapper.framework; includeInIndex = 0; path = Pods_TestTests.framework; sourceTree = BUILT_PRODUCTS_DIR; };
		BDF35A573BB00C459C96D21F /* Pods-TestTests.debug.xcconfig */ = {isa = PBXFileReference; includeInIndex = 1; lastKnownFileType = text.xcconfig; name = "Pods-TestTests.debug.xcconfig"; path = "Pods/Target Support Files/Pods-TestTests/Pods-TestTests.debug.xcconfig"; sourceTree = "<group>"; };
		D6D38EC78A36403FD4C736C3 /* Pods_Test.framework */ = {isa = PBXFileReference; explicitFileType = wrapper.framework; includeInIndex = 0; path = Pods_Test.framework; sourceTree = BUILT_PRODUCTS_DIR; };
		F6AE6D32D6F543324618AB08 /* Pods-TestTests.release.xcconfig */ = {isa = PBXFileReference; includeInIndex = 1; lastKnownFileType = text.xcconfig; name = "Pods-TestTests.release.xcconfig"; path = "Pods/Target Support Files/Pods-TestTests/Pods-TestTests.release.xcconfig"; sourceTree = "<group>"; };
		F8BEFABA821F4067A4B404D9 /* Pods-Test.debug.xcconfig */ = {isa = PBXFileReference; includeInIndex = 1; lastKnownFileType = text.xcconfig; name = "Pods-Test.debug.xcconfig"; path = "Pods/Target Support Files/Pods-Test/Pods-Test.debug.xcconfig"; sourceTree = "<group>"; };
/* End PBXFileReference section */

/* Begin PBXFrameworksBuildPhase section */
		175DA5232073463B009A2E48 /* Frameworks */ = {
			isa = PBXFrameworksBuildPhase;
			buildActionMask = 2147483647;
			files = (
				2781810567C0DF37682E2D69 /* Pods_Test.framework in Frameworks */,
			);
			runOnlyForDeploymentPostprocessing = 0;
		};
		175DA5372073463B009A2E48 /* Frameworks */ = {
			isa = PBXFrameworksBuildPhase;
			buildActionMask = 2147483647;
			files = (
				24874272275F74BCD4559456 /* Pods_TestTests.framework in Frameworks */,
			);
			runOnlyForDeploymentPostprocessing = 0;
		};
		175DA5422073463C009A2E48 /* Frameworks */ = {
			isa = PBXFrameworksBuildPhase;
			buildActionMask = 2147483647;
			files = (
				DB55322E91F9FEADB755B883 /* Pods_TestUITests.framework in Frameworks */,
			);
			runOnlyForDeploymentPostprocessing = 0;
		};
/* End PBXFrameworksBuildPhase section */

/* Begin PBXGroup section */
		175DA51D2073463B009A2E48 = {
			isa = PBXGroup;
			children = (
				175DA5282073463B009A2E48 /* Test */,
				175DA53D2073463B009A2E48 /* TestTests */,
				175DA5482073463C009A2E48 /* TestUITests */,
				175DA5272073463B009A2E48 /* Products */,
				1FDC4245CE6893D1DB6CA2C6 /* Pods */,
				C67DAD34FBCE36918FF2289E /* Frameworks */,
			);
			sourceTree = "<group>";
		};
		175DA5272073463B009A2E48 /* Products */ = {
			isa = PBXGroup;
			children = (
				175DA5262073463B009A2E48 /* Test.app */,
				175DA53A2073463B009A2E48 /* TestTests.xctest */,
				175DA5452073463C009A2E48 /* TestUITests.xctest */,
			);
			name = Products;
			sourceTree = "<group>";
		};
		175DA5282073463B009A2E48 /* Test */ = {
			isa = PBXGroup;
			children = (
				17FEC9592108191C00DE7ACA /* Extension */,
				175DA5292073463B009A2E48 /* AppDelegate.swift */,
				175DA5302073463B009A2E48 /* Assets.xcassets */,
				175DA5352073463B009A2E48 /* Info.plist */,
				1754EFB020E5C200001DF6BE /* ViewController.swift */,
				1754EFB220E5C208001DF6BE /* Main.storyboard */,
			);
			path = Test;
			sourceTree = "<group>";
		};
		175DA53D2073463B009A2E48 /* TestTests */ = {
			isa = PBXGroup;
			children = (
				175DA53E2073463B009A2E48 /* TestTests.swift */,
				175DA5402073463C009A2E48 /* Info.plist */,
			);
			path = TestTests;
			sourceTree = "<group>";
		};
		175DA5482073463C009A2E48 /* TestUITests */ = {
			isa = PBXGroup;
			children = (
				175DA5492073463C009A2E48 /* TestUITests.swift */,
				175DA54B2073463C009A2E48 /* Info.plist */,
			);
			path = TestUITests;
			sourceTree = "<group>";
		};
		17FEC9592108191C00DE7ACA /* Extension */ = {
			isa = PBXGroup;
			children = (
				17FEC95A2108193500DE7ACA /* UIColor+hexcolor.swift */,
			);
			path = Extension;
			sourceTree = "<group>";
		};
		1FDC4245CE6893D1DB6CA2C6 /* Pods */ = {
			isa = PBXGroup;
			children = (
				F8BEFABA821F4067A4B404D9 /* Pods-Test.debug.xcconfig */,
				8AEEB3A0E6AD64D6FAB7526E /* Pods-Test.release.xcconfig */,
				BDF35A573BB00C459C96D21F /* Pods-TestTests.debug.xcconfig */,
				F6AE6D32D6F543324618AB08 /* Pods-TestTests.release.xcconfig */,
				1FFB6FA0F9324F5701D79A2B /* Pods-TestUITests.debug.xcconfig */,
				6D82EEC1F876CF1079D050D9 /* Pods-TestUITests.release.xcconfig */,
			);
			name = Pods;
			sourceTree = "<group>";
		};
		C67DAD34FBCE36918FF2289E /* Frameworks */ = {
			isa = PBXGroup;
			children = (
				D6D38EC78A36403FD4C736C3 /* Pods_Test.framework */,
				A321688BB8F9C80897835D8E /* Pods_TestTests.framework */,
				8E1AFFE668DCB2EE83ED2559 /* Pods_TestUITests.framework */,
			);
			name = Frameworks;
			sourceTree = "<group>";
		};
/* End PBXGroup section */

/* Begin PBXNativeTarget section */
		175DA5252073463B009A2E48 /* Test */ = {
			isa = PBXNativeTarget;
			buildConfigurationList = 175DA54E2073463C009A2E48 /* Build configuration list for PBXNativeTarget "Test" */;
			buildPhases = (
				C8A08F6096212417B9D9261A /* [CP] Check Pods Manifest.lock */,
				175DA5222073463B009A2E48 /* Sources */,
				175DA5232073463B009A2E48 /* Frameworks */,
				175DA5242073463B009A2E48 /* Resources */,
			);
			buildRules = (
			);
			dependencies = (
			);
			name = Test;
			productName = Test;
			productReference = 175DA5262073463B009A2E48 /* Test.app */;
			productType = "com.apple.product-type.application";
		};
		175DA5392073463B009A2E48 /* TestTests */ = {
			isa = PBXNativeTarget;
			buildConfigurationList = 175DA5512073463C009A2E48 /* Build configuration list for PBXNativeTarget "TestTests" */;
			buildPhases = (
				9B55431B8968111689D36EF3 /* [CP] Check Pods Manifest.lock */,
				175DA5362073463B009A2E48 /* Sources */,
				175DA5372073463B009A2E48 /* Frameworks */,
				175DA5382073463B009A2E48 /* Resources */,
			);
			buildRules = (
			);
			dependencies = (
				175DA53C2073463B009A2E48 /* PBXTargetDependency */,
			);
			name = TestTests;
			productName = TestTests;
			productReference = 175DA53A2073463B009A2E48 /* TestTests.xctest */;
			productType = "com.apple.product-type.bundle.unit-test";
		};
		175DA5442073463C009A2E48 /* TestUITests */ = {
			isa = PBXNativeTarget;
			buildConfigurationList = 175DA5542073463C009A2E48 /* Build configuration list for PBXNativeTarget "TestUITests" */;
			buildPhases = (
				EE21C6F2E55F33E4BF5202D9 /* [CP] Check Pods Manifest.lock */,
				175DA5412073463C009A2E48 /* Sources */,
				175DA5422073463C009A2E48 /* Frameworks */,
				175DA5432073463C009A2E48 /* Resources */,
			);
			buildRules = (
			);
			dependencies = (
				175DA5472073463C009A2E48 /* PBXTargetDependency */,
			);
			name = TestUITests;
			productName = TestUITests;
			productReference = 175DA5452073463C009A2E48 /* TestUITests.xctest */;
			productType = "com.apple.product-type.bundle.ui-testing";
		};
/* End PBXNativeTarget section */

/* Begin PBXProject section */
		175DA51E2073463B009A2E48 /* Project object */ = {
			isa = PBXProject;
			attributes = {
				LastSwiftUpdateCheck = 0910;
				LastUpgradeCheck = 0940;
				ORGANIZATIONNAME = doremin;
				TargetAttributes = {
					175DA5252073463B009A2E48 = {
						CreatedOnToolsVersion = 9.1;
						ProvisioningStyle = Automatic;
					};
					175DA5392073463B009A2E48 = {
						CreatedOnToolsVersion = 9.1;
						ProvisioningStyle = Automatic;
						TestTargetID = 175DA5252073463B009A2E48;
					};
					175DA5442073463C009A2E48 = {
						CreatedOnToolsVersion = 9.1;
						ProvisioningStyle = Automatic;
						TestTargetID = 175DA5252073463B009A2E48;
					};
				};
			};
			buildConfigurationList = 175DA5212073463B009A2E48 /* Build configuration list for PBXProject "Test" */;
			compatibilityVersion = "Xcode 8.0";
			developmentRegion = en;
			hasScannedForEncodings = 0;
			knownRegions = (
				en,
				Base,
			);
			mainGroup = 175DA51D2073463B009A2E48;
			productRefGroup = 175DA5272073463B009A2E48 /* Products */;
			projectDirPath = "";
			projectRoot = "";
			targets = (
				175DA5252073463B009A2E48 /* Test */,
				175DA5392073463B009A2E48 /* TestTests */,
				175DA5442073463C009A2E48 /* TestUITests */,
			);
		};
/* End PBXProject section */

/* Begin PBXResourcesBuildPhase section */
		175DA5242073463B009A2E48 /* Resources */ = {
			isa = PBXResourcesBuildPhase;
			buildActionMask = 2147483647;
			files = (
				175DA5312073463B009A2E48 /* Assets.xcassets in Resources */,
				1754EFB320E5C208001DF6BE /* Main.storyboard in Resources */,
			);
			runOnlyForDeploymentPostprocessing = 0;
		};
		175DA5382073463B009A2E48 /* Resources */ = {
			isa = PBXResourcesBuildPhase;
			buildActionMask = 2147483647;
			files = (
			);
			runOnlyForDeploymentPostprocessing = 0;
		};
		175DA5432073463C009A2E48 /* Resources */ = {
			isa = PBXResourcesBuildPhase;
			buildActionMask = 2147483647;
			files = (
			);
			runOnlyForDeploymentPostprocessing = 0;
		};
/* End PBXResourcesBuildPhase section */

/* Begin PBXShellScriptBuildPhase section */
		9B55431B8968111689D36EF3 /* [CP] Check Pods Manifest.lock */ = {
			isa = PBXShellScriptBuildPhase;
			buildActionMask = 2147483647;
			files = (
			);
			inputPaths = (
				"${PODS_PODFILE_DIR_PATH}/Podfile.lock",
				"${PODS_ROOT}/Manifest.lock",
			);
			name = "[CP] Check Pods Manifest.lock";
			outputPaths = (
				"$(DERIVED_FILE_DIR)/Pods-TestTests-checkManifestLockResult.txt",
			);
			runOnlyForDeploymentPostprocessing = 0;
			shellPath = /bin/sh;
			shellScript = "diff \"${PODS_PODFILE_DIR_PATH}/Podfile.lock\" \"${PODS_ROOT}/Manifest.lock\" > /dev/null\nif [ $? != 0 ] ; then\n    # print error to STDERR\n    echo \"error: The sandbox is not in sync with the Podfile.lock. Run 'pod install' or update your CocoaPods installation.\" >&2\n    exit 1\nfi\n# This output is used by Xcode 'outputs' to avoid re-running this script phase.\necho \"SUCCESS\" > \"${SCRIPT_OUTPUT_FILE_0}\"\n";
			showEnvVarsInLog = 0;
		};
		C8A08F6096212417B9D9261A /* [CP] Check Pods Manifest.lock */ = {
			isa = PBXShellScriptBuildPhase;
			buildActionMask = 2147483647;
			files = (
			);
			inputPaths = (
				"${PODS_PODFILE_DIR_PATH}/Podfile.lock",
				"${PODS_ROOT}/Manifest.lock",
			);
			name = "[CP] Check Pods Manifest.lock";
			outputPaths = (
				"$(DERIVED_FILE_DIR)/Pods-Test-checkManifestLockResult.txt",
			);
			runOnlyForDeploymentPostprocessing = 0;
			shellPath = /bin/sh;
			shellScript = "diff \"${PODS_PODFILE_DIR_PATH}/Podfile.lock\" \"${PODS_ROOT}/Manifest.lock\" > /dev/null\nif [ $? != 0 ] ; then\n    # print error to STDERR\n    echo \"error: The sandbox is not in sync with the Podfile.lock. Run 'pod install' or update your CocoaPods installation.\" >&2\n    exit 1\nfi\n# This output is used by Xcode 'outputs' to avoid re-running this script phase.\necho \"SUCCESS\" > \"${SCRIPT_OUTPUT_FILE_0}\"\n";
			showEnvVarsInLog = 0;
		};
		EE21C6F2E55F33E4BF5202D9 /* [CP] Check Pods Manifest.lock */ = {
			isa = PBXShellScriptBuildPhase;
			buildActionMask = 2147483647;
			files = (
			);
			inputPaths = (
				"${PODS_PODFILE_DIR_PATH}/Podfile.lock",
				"${PODS_ROOT}/Manifest.lock",
			);
			name = "[CP] Check Pods Manifest.lock";
			outputPaths = (
				"$(DERIVED_FILE_DIR)/Pods-TestUITests-checkManifestLockResult.txt",
			);
			runOnlyForDeploymentPostprocessing = 0;
			shellPath = /bin/sh;
			shellScript = "diff \"${PODS_PODFILE_DIR_PATH}/Podfile.lock\" \"${PODS_ROOT}/Manifest.lock\" > /dev/null\nif [ $? != 0 ] ; then\n    # print error to STDERR\n    echo \"error: The sandbox is not in sync with the Podfile.lock. Run 'pod install' or update your CocoaPods installation.\" >&2\n    exit 1\nfi\n# This output is used by Xcode 'outputs' to avoid re-running this script phase.\necho \"SUCCESS\" > \"${SCRIPT_OUTPUT_FILE_0}\"\n";
			showEnvVarsInLog = 0;
		};
/* End PBXShellScriptBuildPhase section */

/* Begin PBXSourcesBuildPhase section */
		175DA5222073463B009A2E48 /* Sources */ = {
			isa = PBXSourcesBuildPhase;
			buildActionMask = 2147483647;
			files = (
				1754EFB120E5C200001DF6BE /* ViewController.swift in Sources */,
				175DA52A2073463B009A2E48 /* AppDelegate.swift in Sources */,
				17FEC95B2108193500DE7ACA /* UIColor+hexcolor.swift in Sources */,
			);
			runOnlyForDeploymentPostprocessing = 0;
		};
		175DA5362073463B009A2E48 /* Sources */ = {
			isa = PBXSourcesBuildPhase;
			buildActionMask = 2147483647;
			files = (
				175DA53F2073463B009A2E48 /* TestTests.swift in Sources */,
			);
			runOnlyForDeploymentPostprocessing = 0;
		};
		175DA5412073463C009A2E48 /* Sources */ = {
			isa = PBXSourcesBuildPhase;
			buildActionMask = 2147483647;
			files = (
				175DA54A2073463C009A2E48 /* TestUITests.swift in Sources */,
			);
			runOnlyForDeploymentPostprocessing = 0;
		};
/* End PBXSourcesBuildPhase section */

/* Begin PBXTargetDependency section */
		175DA53C2073463B009A2E48 /* PBXTargetDependency */ = {
			isa = PBXTargetDependency;
			target = 175DA5252073463B009A2E48 /* Test */;
			targetProxy = 175DA53B2073463B009A2E48 /* PBXContainerItemProxy */;
		};
		175DA5472073463C009A2E48 /* PBXTargetDependency */ = {
			isa = PBXTargetDependency;
			target = 175DA5252073463B009A2E48 /* Test */;
			targetProxy = 175DA5462073463C009A2E48 /* PBXContainerItemProxy */;
		};
/* End PBXTargetDependency section */

/* Begin XCBuildConfiguration section */
		175DA54C2073463C009A2E48 /* Debug */ = {
			isa = XCBuildConfiguration;
			buildSettings = {
				ALWAYS_SEARCH_USER_PATHS = NO;
				CLANG_ANALYZER_NONNULL = YES;
				CLANG_ANALYZER_NUMBER_OBJECT_CONVERSION = YES_AGGRESSIVE;
				CLANG_CXX_LANGUAGE_STANDARD = "gnu++14";
				CLANG_CXX_LIBRARY = "libc++";
				CLANG_ENABLE_MODULES = YES;
				CLANG_ENABLE_OBJC_ARC = YES;
				CLANG_WARN_BLOCK_CAPTURE_AUTORELEASING = YES;
				CLANG_WARN_BOOL_CONVERSION = YES;
				CLANG_WARN_COMMA = YES;
				CLANG_WARN_CONSTANT_CONVERSION = YES;
				CLANG_WARN_DEPRECATED_OBJC_IMPLEMENTATIONS = YES;
				CLANG_WARN_DIRECT_OBJC_ISA_USAGE = YES_ERROR;
				CLANG_WARN_DOCUMENTATION_COMMENTS = YES;
				CLANG_WARN_EMPTY_BODY = YES;
				CLANG_WARN_ENUM_CONVERSION = YES;
				CLANG_WARN_INFINITE_RECURSION = YES;
				CLANG_WARN_INT_CONVERSION = YES;
				CLANG_WARN_NON_LITERAL_NULL_CONVERSION = YES;
				CLANG_WARN_OBJC_IMPLICIT_RETAIN_SELF = YES;
				CLANG_WARN_OBJC_LITERAL_CONVERSION = YES;
				CLANG_WARN_OBJC_ROOT_CLASS = YES_ERROR;
				CLANG_WARN_RANGE_LOOP_ANALYSIS = YES;
				CLANG_WARN_STRICT_PROTOTYPES = YES;
				CLANG_WARN_SUSPICIOUS_MOVE = YES;
				CLANG_WARN_UNGUARDED_AVAILABILITY = YES_AGGRESSIVE;
				CLANG_WARN_UNREACHABLE_CODE = YES;
				CLANG_WARN__DUPLICATE_METHOD_MATCH = YES;
				CODE_SIGN_IDENTITY = "iPhone Developer";
				COPY_PHASE_STRIP = NO;
				DEBUG_INFORMATION_FORMAT = dwarf;
				ENABLE_STRICT_OBJC_MSGSEND = YES;
				ENABLE_TESTABILITY = YES;
				GCC_C_LANGUAGE_STANDARD = gnu11;
				GCC_DYNAMIC_NO_PIC = NO;
				GCC_NO_COMMON_BLOCKS = YES;
				GCC_OPTIMIZATION_LEVEL = 0;
				GCC_PREPROCESSOR_DEFINITIONS = (
					"DEBUG=1",
					"$(inherited)",
				);
				GCC_WARN_64_TO_32_BIT_CONVERSION = YES;
				GCC_WARN_ABOUT_RETURN_TYPE = YES_ERROR;
				GCC_WARN_UNDECLARED_SELECTOR = YES;
				GCC_WARN_UNINITIALIZED_AUTOS = YES_AGGRESSIVE;
				GCC_WARN_UNUSED_FUNCTION = YES;
				GCC_WARN_UNUSED_VARIABLE = YES;
				IPHONEOS_DEPLOYMENT_TARGET = 11.1;
				MTL_ENABLE_DEBUG_INFO = YES;
				ONLY_ACTIVE_ARCH = YES;
				SDKROOT = iphoneos;
				SWIFT_ACTIVE_COMPILATION_CONDITIONS = DEBUG;
				SWIFT_OPTIMIZATION_LEVEL = "-Onone";
			};
			name = Debug;
		};
		175DA54D2073463C009A2E48 /* Release */ = {
			isa = XCBuildConfiguration;
			buildSettings = {
				ALWAYS_SEARCH_USER_PATHS = NO;
				CLANG_ANALYZER_NONNULL = YES;
				CLANG_ANALYZER_NUMBER_OBJECT_CONVERSION = YES_AGGRESSIVE;
				CLANG_CXX_LANGUAGE_STANDARD = "gnu++14";
				CLANG_CXX_LIBRARY = "libc++";
				CLANG_ENABLE_MODULES = YES;
				CLANG_ENABLE_OBJC_ARC = YES;
				CLANG_WARN_BLOCK_CAPTURE_AUTORELEASING = YES;
				CLANG_WARN_BOOL_CONVERSION = YES;
				CLANG_WARN_COMMA = YES;
				CLANG_WARN_CONSTANT_CONVERSION = YES;
				CLANG_WARN_DEPRECATED_OBJC_IMPLEMENTATIONS = YES;
				CLANG_WARN_DIRECT_OBJC_ISA_USAGE = YES_ERROR;
				CLANG_WARN_DOCUMENTATION_COMMENTS = YES;
				CLANG_WARN_EMPTY_BODY = YES;
				CLANG_WARN_ENUM_CONVERSION = YES;
				CLANG_WARN_INFINITE_RECURSION = YES;
				CLANG_WARN_INT_CONVERSION = YES;
				CLANG_WARN_NON_LITERAL_NULL_CONVERSION = YES;
				CLANG_WARN_OBJC_IMPLICIT_RETAIN_SELF = YES;
				CLANG_WARN_OBJC_LITERAL_CONVERSION = YES;
				CLANG_WARN_OBJC_ROOT_CLASS = YES_ERROR;
				CLANG_WARN_RANGE_LOOP_ANALYSIS = YES;
				CLANG_WARN_STRICT_PROTOTYPES = YES;
				CLANG_WARN_SUSPICIOUS_MOVE = YES;
				CLANG_WARN_UNGUARDED_AVAILABILITY = YES_AGGRESSIVE;
				CLANG_WARN_UNREACHABLE_CODE = YES;
				CLANG_WARN__DUPLICATE_METHOD_MATCH = YES;
				CODE_SIGN_IDENTITY = "iPhone Developer";
				COPY_PHASE_STRIP = NO;
				DEBUG_INFORMATION_FORMAT = "dwarf-with-dsym";
				ENABLE_NS_ASSERTIONS = NO;
				ENABLE_STRICT_OBJC_MSGSEND = YES;
				GCC_C_LANGUAGE_STANDARD = gnu11;
				GCC_NO_COMMON_BLOCKS = YES;
				GCC_WARN_64_TO_32_BIT_CONVERSION = YES;
				GCC_WARN_ABOUT_RETURN_TYPE = YES_ERROR;
				GCC_WARN_UNDECLARED_SELECTOR = YES;
				GCC_WARN_UNINITIALIZED_AUTOS = YES_AGGRESSIVE;
				GCC_WARN_UNUSED_FUNCTION = YES;
				GCC_WARN_UNUSED_VARIABLE = YES;
				IPHONEOS_DEPLOYMENT_TARGET = 11.1;
				MTL_ENABLE_DEBUG_INFO = NO;
				SDKROOT = iphoneos;
				SWIFT_OPTIMIZATION_LEVEL = "-Owholemodule";
				VALIDATE_PRODUCT = YES;
			};
			name = Release;
		};
		175DA54F2073463C009A2E48 /* Debug */ = {
			isa = XCBuildConfiguration;
			baseConfigurationReference = F8BEFABA821F4067A4B404D9 /* Pods-Test.debug.xcconfig */;
			buildSettings = {
				ASSETCATALOG_COMPILER_APPICON_NAME = AppIcon;
				CODE_SIGN_STYLE = Automatic;
				DEVELOPMENT_TEAM = G37F7HJP2B;
				INFOPLIST_FILE = Test/Info.plist;
				LD_RUNPATH_SEARCH_PATHS = "$(inherited) @executable_path/Frameworks";
				PRODUCT_BUNDLE_IDENTIFIER = com.doremin.Test;
				PRODUCT_NAME = "$(TARGET_NAME)";
				SWIFT_VERSION = 4.0;
				TARGETED_DEVICE_FAMILY = "1,2";
			};
			name = Debug;
		};
		175DA5502073463C009A2E48 /* Release */ = {
			isa = XCBuildConfiguration;
			baseConfigurationReference = 8AEEB3A0E6AD64D6FAB7526E /* Pods-Test.release.xcconfig */;
			buildSettings = {
				ASSETCATALOG_COMPILER_APPICON_NAME = AppIcon;
				CODE_SIGN_STYLE = Automatic;
				DEVELOPMENT_TEAM = G37F7HJP2B;
				INFOPLIST_FILE = Test/Info.plist;
				LD_RUNPATH_SEARCH_PATHS = "$(inherited) @executable_path/Frameworks";
				PRODUCT_BUNDLE_IDENTIFIER = com.doremin.Test;
				PRODUCT_NAME = "$(TARGET_NAME)";
				SWIFT_VERSION = 4.0;
				TARGETED_DEVICE_FAMILY = "1,2";
			};
			name = Release;
		};
		175DA5522073463C009A2E48 /* Debug */ = {
			isa = XCBuildConfiguration;
			baseConfigurationReference = BDF35A573BB00C459C96D21F /* Pods-TestTests.debug.xcconfig */;
			buildSettings = {
				ALWAYS_EMBED_SWIFT_STANDARD_LIBRARIES = YES;
				BUNDLE_LOADER = "$(TEST_HOST)";
				CODE_SIGN_STYLE = Automatic;
				DEVELOPMENT_TEAM = G37F7HJP2B;
				INFOPLIST_FILE = TestTests/Info.plist;
				LD_RUNPATH_SEARCH_PATHS = "$(inherited) @executable_path/Frameworks @loader_path/Frameworks";
				PRODUCT_BUNDLE_IDENTIFIER = com.doremin.TestTests;
				PRODUCT_NAME = "$(TARGET_NAME)";
				SWIFT_VERSION = 4.0;
				TARGETED_DEVICE_FAMILY = "1,2";
				TEST_HOST = "$(BUILT_PRODUCTS_DIR)/Test.app/Test";
			};
			name = Debug;
		};
		175DA5532073463C009A2E48 /* Release */ = {
			isa = XCBuildConfiguration;
			baseConfigurationReference = F6AE6D32D6F543324618AB08 /* Pods-TestTests.release.xcconfig */;
			buildSettings = {
				ALWAYS_EMBED_SWIFT_STANDARD_LIBRARIES = YES;
				BUNDLE_LOADER = "$(TEST_HOST)";
				CODE_SIGN_STYLE = Automatic;
				DEVELOPMENT_TEAM = G37F7HJP2B;
				INFOPLIST_FILE = TestTests/Info.plist;
				LD_RUNPATH_SEARCH_PATHS = "$(inherited) @executable_path/Frameworks @loader_path/Frameworks";
				PRODUCT_BUNDLE_IDENTIFIER = com.doremin.TestTests;
				PRODUCT_NAME = "$(TARGET_NAME)";
				SWIFT_VERSION = 4.0;
				TARGETED_DEVICE_FAMILY = "1,2";
				TEST_HOST = "$(BUILT_PRODUCTS_DIR)/Test.app/Test";
			};
			name = Release;
		};
		175DA5552073463C009A2E48 /* Debug */ = {
			isa = XCBuildConfiguration;
			baseConfigurationReference = 1FFB6FA0F9324F5701D79A2B /* Pods-TestUITests.debug.xcconfig */;
			buildSettings = {
				ALWAYS_EMBED_SWIFT_STANDARD_LIBRARIES = YES;
				CODE_SIGN_STYLE = Automatic;
				DEVELOPMENT_TEAM = G37F7HJP2B;
				INFOPLIST_FILE = TestUITests/Info.plist;
				LD_RUNPATH_SEARCH_PATHS = "$(inherited) @executable_path/Frameworks @loader_path/Frameworks";
				PRODUCT_BUNDLE_IDENTIFIER = com.doremin.TestUITests;
				PRODUCT_NAME = "$(TARGET_NAME)";
				SWIFT_VERSION = 4.0;
				TARGETED_DEVICE_FAMILY = "1,2";
				TEST_TARGET_NAME = Test;
			};
			name = Debug;
		};
		175DA5562073463C009A2E48 /* Release */ = {
			isa = XCBuildConfiguration;
			baseConfigurationReference = 6D82EEC1F876CF1079D050D9 /* Pods-TestUITests.release.xcconfig */;
			buildSettings = {
				ALWAYS_EMBED_SWIFT_STANDARD_LIBRARIES = YES;
				CODE_SIGN_STYLE = Automatic;
				DEVELOPMENT_TEAM = G37F7HJP2B;
				INFOPLIST_FILE = TestUITests/Info.plist;
				LD_RUNPATH_SEARCH_PATHS = "$(inherited) @executable_path/Frameworks @loader_path/Frameworks";
				PRODUCT_BUNDLE_IDENTIFIER = com.doremin.TestUITests;
				PRODUCT_NAME = "$(TARGET_NAME)";
				SWIFT_VERSION = 4.0;
				TARGETED_DEVICE_FAMILY = "1,2";
				TEST_TARGET_NAME = Test;
			};
			name = Release;
		};
/* End XCBuildConfiguration section */

/* Begin XCConfigurationList section */
		175DA5212073463B009A2E48 /* Build configuration list for PBXProject "Test" */ = {
			isa = XCConfigurationList;
			buildConfigurations = (
				175DA54C2073463C009A2E48 /* Debug */,
				175DA54D2073463C009A2E48 /* Release */,
			);
			defaultConfigurationIsVisible = 0;
			defaultConfigurationName = Release;
		};
		175DA54E2073463C009A2E48 /* Build configuration list for PBXNativeTarget "Test" */ = {
			isa = XCConfigurationList;
			buildConfigurations = (
				175DA54F2073463C009A2E48 /* Debug */,
				175DA5502073463C009A2E48 /* Release */,
			);
			defaultConfigurationIsVisible = 0;
			defaultConfigurationName = Release;
		};
		175DA5512073463C009A2E48 /* Build configuration list for PBXNativeTarget "TestTests" */ = {
			isa = XCConfigurationList;
			buildConfigurations = (
				175DA5522073463C009A2E48 /* Debug */,
				175DA5532073463C009A2E48 /* Release */,
			);
			defaultConfigurationIsVisible = 0;
			defaultConfigurationName = Release;
		};
		175DA5542073463C009A2E48 /* Build configuration list for PBXNativeTarget "TestUITests" */ = {
			isa = XCConfigurationList;
			buildConfigurations = (
				175DA5552073463C009A2E48 /* Debug */,
				175DA5562073463C009A2E48 /* Release */,
			);
			defaultConfigurationIsVisible = 0;
			defaultConfigurationName = Release;
		};
/* End XCConfigurationList section */
	};
	rootObject = 175DA51E2073463B009A2E48 /* Project object */;
}
